
Microsoft Visual Studio Solution File, Format Version 12.00
# Visual Studio Version 16
VisualStudioVersion = 16.0.29411.108
MinimumVisualStudioVersion = 10.0.40219.1
Project("{9A19103F-16F7-4668-BE54-9A1E7A4F7556}") = "Persistance", "Persistance\Persistance.csproj", "{D3E96283-44F6-4EFC-9746-E5F33D8C7A9B}"
EndProject
Project("{9A19103F-16F7-4668-BE54-9A1E7A4F7556}") = "Domain", "Domain\Domain.csproj", "{4562ACCC-CBD0-4973-A80F-1558E77C9D43}"
EndProject
Project("{9A19103F-16F7-4668-BE54-9A1E7A4F7556}") = "Common", "Common\Common.csproj", "{989D36CB-7DBA-4B06-8474-99507B295739}"
EndProject
Project("{9A19103F-16F7-4668-BE54-9A1E7A4F7556}") = "Application", "Application\Application.csproj", "{042ABA13-C8F2-4984-A26C-A0185CDF51BE}"
EndProject
Project("{9A19103F-16F7-4668-BE54-9A1E7A4F7556}") = "Presentation", "Presentation\Presentation.csproj", "{667A5777-A78E-489E-AAAF-650C6DF707A6}"
EndProject
Project("{FAE04EC0-301F-11D3-BF4B-00C04F79EFBC}") = "Dtos", "Dtos\Dtos.csproj", "{825EA062-0587-4EBF-A64B-3C98C7C8BA33}"
EndProject
Global
	GlobalSection(SolutionConfigurationPlatforms) = preSolution
		Debug|Any CPU = Debug|Any CPU
		Release|Any CPU = Release|Any CPU
	EndGlobalSection
	GlobalSection(ProjectConfigurationPlatforms) = postSolution
		{D3E96283-44F6-4EFC-9746-E5F33D8C7A9B}.Debug|Any CPU.ActiveCfg = Debug|Any CPU
		{D3E96283-44F6-4EFC-9746-E5F33D8C7A9B}.Debug|Any CPU.Build.0 = Debug|Any CPU
		{D3E96283-44F6-4EFC-9746-E5F33D8C7A9B}.Release|Any CPU.ActiveCfg = Release|Any CPU
		{D3E96283-44F6-4EFC-9746-E5F33D8C7A9B}.Release|Any CPU.Build.0 = Release|Any CPU
		{4562ACCC-CBD0-4973-A80F-1558E77C9D43}.Debug|Any CPU.ActiveCfg = Debug|Any CPU
		{4562ACCC-CBD0-4973-A80F-1558E77C9D43}.Debug|Any CPU.Build.0 = Debug|Any CPU
		{4562ACCC-CBD0-4973-A80F-1558E77C9D43}.Release|Any CPU.ActiveCfg = Release|Any CPU
		{4562ACCC-CBD0-4973-A80F-1558E77C9D43}.Release|Any CPU.Build.0 = Release|Any CPU
		{989D36CB-7DBA-4B06-8474-99507B295739}.Debug|Any CPU.ActiveCfg = Debug|Any CPU
		{989D36CB-7DBA-4B06-8474-99507B295739}.Debug|Any CPU.Build.0 = Debug|Any CPU
		{989D36CB-7DBA-4B06-8474-99507B295739}.Release|Any CPU.ActiveCfg = Release|Any CPU
		{989D36CB-7DBA-4B06-8474-99507B295739}.Release|Any CPU.Build.0 = Release|Any CPU
		{042ABA13-C8F2-4984-A26C-A0185CDF51BE}.Debug|Any CPU.ActiveCfg = Debug|Any CPU
		{042ABA13-C8F2-4984-A26C-A0185CDF51BE}.Debug|Any CPU.Build.0 = Debug|Any CPU
		{042ABA13-C8F2-4984-A26C-A0185CDF51BE}.Release|Any CPU.ActiveCfg = Release|Any CPU
		{042ABA13-C8F2-4984-A26C-A0185CDF51BE}.Release|Any CPU.Build.0 = Release|Any CPU
		{667A5777-A78E-489E-AAAF-650C6DF707A6}.Debug|Any CPU.ActiveCfg = Debug|Any CPU
		{667A5777-A78E-489E-AAAF-650C6DF707A6}.Debug|Any CPU.Build.0 = Debug|Any CPU
		{667A5777-A78E-489E-AAAF-650C6DF707A6}.Release|Any CPU.ActiveCfg = Release|Any CPU
		{667A5777-A78E-489E-AAAF-650C6DF707A6}.Release|Any CPU.Build.0 = Release|Any CPU
		{825EA062-0587-4EBF-A64B-3C98C7C8BA33}.Debug|Any CPU.ActiveCfg = Debug|Any CPU
		{825EA062-0587-4EBF-A64B-3C98C7C8BA33}.Debug|Any CPU.Build.0 = Debug|Any CPU
		{825EA062-0587-4EBF-A64B-3C98C7C8BA33}.Release|Any CPU.ActiveCfg = Release|Any CPU
		{825EA062-0587-4EBF-A64B-3C98C7C8BA33}.Release|Any CPU.Build.0 = Release|Any CPU
	EndGlobalSection
	GlobalSection(SolutionProperties) = preSolution
		HideSolutionNode = FALSE
	EndGlobalSection
	GlobalSection(ExtensibilityGlobals) = postSolution
		SolutionGuid = {9E304F39-739C-48FA-A247-4309BFC306EE}
	EndGlobalSection
EndGlobal
